
Microsoft Visual Studio Solution File, Format Version 12.00
# Visual Studio Version 16
VisualStudioVersion = 16.0.31205.134
MinimumVisualStudioVersion = 10.0.40219.1
Project("{FAE04EC0-301F-11D3-BF4B-00C04F79EFBC}") = "USBClientServiceSettingTool", "USBClientServiceSettingTool\USBClientServiceSettingTool.csproj", "{45FE1E4A-CA6F-4EC4-AA44-24955E2C1C89}"
EndProject
Global
	GlobalSection(SolutionConfigurationPlatforms) = preSolution
		Debug|Any CPU = Debug|Any CPU
		Release|Any CPU = Release|Any CPU
	EndGlobalSection
	GlobalSection(ProjectConfigurationPlatforms) = postSolution
		{45FE1E4A-CA6F-4EC4-AA44-24955E2C1C89}.Debug|Any CPU.ActiveCfg = Debug|Any CPU
		{45FE1E4A-CA6F-4EC4-AA44-24955E2C1C89}.Debug|Any CPU.Build.0 = Debug|Any CPU
		{45FE1E4A-CA6F-4EC4-AA44-24955E2C1C89}.Release|Any CPU.ActiveCfg = Release|Any CPU
		{45FE1E4A-CA6F-4EC4-AA44-24955E2C1C89}.Release|Any CPU.Build.0 = Release|Any CPU
	EndGlobalSection
	GlobalSection(SolutionProperties) = preSolution
		HideSolutionNode = FALSE
	EndGlobalSection
	GlobalSection(ExtensibilityGlobals) = postSolution
		SolutionGuid = {E2A19172-32EE-4EAF-8E88-4152B8EA514B}
	EndGlobalSection
EndGlobal
